NeoBundleLock SyntaxRange 74894260c0d1c281b5141df492495aa9c43fd620
NeoBundleLock ack.vim b9ceb0f9eec504e18b67f43ab9c6ba2bd5b80c2d
NeoBundleLock ctrlp.vim 564176f01d7f3f7f8ab452ff4e1f5314de7b0981
NeoBundleLock molokai c67bdfcdb31415aa0ade7f8c003261700a885476
NeoBundleLock neobundle.vim bb8cdbb5d7d9738df787a2d1f74bd9baeb762e2d
NeoBundleLock neosnippet-snippets 1cd353ac0d0e9ad0eba9d57e3eda34b3abefd7ff
NeoBundleLock neosnippet.vim ce3c3d209c38a6d87bbf1408d293e179f95e7bb8
NeoBundleLock nerdcommenter 093e6b3f765b728c129a4271f1f34bb70e671f08
NeoBundleLock nerdtree 4ebbb533c3faf2c480211db2b547972bb3b60f2b
NeoBundleLock seoul256.vim ca2499b0d673c7421a2b3b90e98b570cd0c41edc
NeoBundleLock supertab 66511772a430a5eaad7f7d03dbb02e8f33c4a641
NeoBundleLock syntastic 85b5cabdcd933f940536c91e50f071ace088ba94
NeoBundleLock tabular 60f25648814f0695eeb6c1040d97adca93c4e0bb
NeoBundleLock tagbar 7b36c46d17d57db34fdb0adac9ba6382d0bb5e66
NeoBundleLock tlib_vim bd4da0e28b345c2d373f846a7a6fbc0785b5ca06
NeoBundleLock vim-addon-mw-utils 0c5612fa31ee434ba055e21c76f456244b3b5109
NeoBundleLock vim-autotag 22ebd9651a504453023324f1d9b4e5906b9e498e
NeoBundleLock vim-choosewin cb667fb5e496d8281b25a3ce105226c90986a51f
NeoBundleLock vim-colorschemes 189f5182bb70fd35d0f56fee451c3f22a2a80135
NeoBundleLock vim-css-color 81ce9558b0f5c8f0b015042415566f02360c67d0
NeoBundleLock vim-easymotion a6b3c10b417d90d6751352b53826f94062ff466d
NeoBundleLock vim-endwise 0067ceda37725d01b7bd5bf249d63b1b5d4e2ab4
NeoBundleLock vim-fugitive 57afba5bdd49b59d57485f90aa0cf3f3a6c47f63
NeoBundleLock vim-git 9e16c8853ec9eff37bc3b7836f6609a2c45dd041
NeoBundleLock vim-gitgutter 78d83c7056e1973ed4cbf9b5b3f09263a3dbf968
NeoBundleLock vim-golang e6d0c6a72a66af2674b96233c4747661e0f47a8c
NeoBundleLock vim-hybrid cc58baabeabc7b83768e25b852bf89c34756bf90
NeoBundleLock vim-javascript 1d8c2677d26d6b3950b90dc1636e63334c8efc3b
NeoBundleLock vim-less 6fae407f7ed666a6dd0fb596e67df8787dccca59
NeoBundleLock vim-markdown 4260faa48f5b89261f1168d4a1ad195106f5959c
NeoBundleLock vim-matchit ceaf496a3763f3c20bc7f50c2135df4f1775ae05
NeoBundleLock vim-maximizer 2e54952fe91e140a2e69f35f22131219fcd9c5f1
NeoBundleLock vim-move d87ac6abfd2f35943e53643b686f605cebc7d1f0
NeoBundleLock vim-multiple-cursors 47c9e3fb11a202a9a2fa1d591ec990a41e4221c4
NeoBundleLock vim-rails eb388f0836236de808d2deab227d2ec29d5c3d66
NeoBundleLock vim-rspec cf2125131c566954e7d3ed4e5513606f552a6e82
NeoBundleLock vim-ruby 666adb5bcdfb2d21572a58fcdf7545a26bac32a0
NeoBundleLock vim-ruby-minitest eeab4c88353555ee2115243ffc2e6cda852fd38c
NeoBundleLock vim-sneak f22ee25e5fb9c408bb595a1e5766f510392f1b90
NeoBundleLock vim-snipmate 71250b0ef2b03b40ded5e93f4abe66fc2ee4aa75
NeoBundleLock vim-snippets 016da6cc432bd1a9d2a4ca05b5c48611924a0feb
NeoBundleLock vim-surround 2d05440ad23f97a7874ebd9b5de3a0e65d25d85c
NeoBundleLock vim-tbone 891887b881bc818a1f8bd33904ac48e1dd471d6a
NeoBundleLock vim-whitespace 89a8960b0cc455a87e8eb9785c3cebd1c81dfb30
NeoBundleLock vimshell 3787e52766812d8b99a93ccdda57517bc2a0bab6
